// !$*UTF8*$!
{
	archiveVersion = 1;
	classes = {
	};
	objectVersion = 46;
	objects = {

/* Begin PBXBuildFile section */
		56189BCF1BEB350A0018DF34 /* AppDelegate.swift in Sources */ = {isa = PBXBuildFile; fileRef = 56189BCE1BEB350A0018DF34 /* AppDelegate.swift */; };
		56189BD11BEB350A0018DF34 /* ViewController.swift in Sources */ = {isa = PBXBuildFile; fileRef = 56189BD01BEB350A0018DF34 /* ViewController.swift */; };
		56189BD41BEB350A0018DF34 /* Main.storyboard in Resources */ = {isa = PBXBuildFile; fileRef = 56189BD21BEB350A0018DF34 /* Main.storyboard */; };
		56189BD61BEB350A0018DF34 /* Assets.xcassets in Resources */ = {isa = PBXBuildFile; fileRef = 56189BD51BEB350A0018DF34 /* Assets.xcassets */; };
		56189BD91BEB350A0018DF34 /* LaunchScreen.storyboard in Resources */ = {isa = PBXBuildFile; fileRef = 56189BD71BEB350A0018DF34 /* LaunchScreen.storyboard */; };
		56189BE41BEB350A0018DF34 /* week_3_mailboxTests.swift in Sources */ = {isa = PBXBuildFile; fileRef = 56189BE31BEB350A0018DF34 /* week_3_mailboxTests.swift */; };
		56189BEF1BEB350A0018DF34 /* week_3_mailboxUITests.swift in Sources */ = {isa = PBXBuildFile; fileRef = 56189BEE1BEB350A0018DF34 /* week_3_mailboxUITests.swift */; };
		56189BFD1BEB37690018DF34 /* MailboxViewController.swift in Sources */ = {isa = PBXBuildFile; fileRef = 56189BFC1BEB37690018DF34 /* MailboxViewController.swift */; };
		56BADB811BF0719400D29FB5 /* Common.swift in Sources */ = {isa = PBXBuildFile; fileRef = 56BADB801BF0719400D29FB5 /* Common.swift */; };
/* End PBXBuildFile section */

/* Begin PBXContainerItemProxy section */
		56189BE01BEB350A0018DF34 /* PBXContainerItemProxy */ = {
			isa = PBXContainerItemProxy;
			containerPortal = 56189BC31BEB350A0018DF34 /* Project object */;
			proxyType = 1;
			remoteGlobalIDString = 56189BCA1BEB350A0018DF34;
			remoteInfo = "week 3 mailbox";
		};
		56189BEB1BEB350A0018DF34 /* PBXContainerItemProxy */ = {
			isa = PBXContainerItemProxy;
			containerPortal = 56189BC31BEB350A0018DF34 /* Project object */;
			proxyType = 1;
			remoteGlobalIDString = 56189BCA1BEB350A0018DF34;
			remoteInfo = "week 3 mailbox";
		};
/* End PBXContainerItemProxy section */

/* Begin PBXFileReference section */
		56189BCB1BEB350A0018DF34 /* week 3 mailbox.app */ = {isa = PBXFileReference; explicitFileType = wrapper.application; includeInIndex = 0; path = "week 3 mailbox.app"; sourceTree = BUILT_PRODUCTS_DIR; };
		56189BCE1BEB350A0018DF34 /* AppDelegate.swift */ = {isa = PBXFileReference; lastKnownFileType = sourcecode.swift; path = AppDelegate.swift; sourceTree = "<group>"; };
		56189BD01BEB350A0018DF34 /* ViewController.swift */ = {isa = PBXFileReference; lastKnownFileType = sourcecode.swift; path = ViewController.swift; sourceTree = "<group>"; };
		56189BD31BEB350A0018DF34 /* Base */ = {isa = PBXFileReference; lastKnownFileType = file.storyboard; name = Base; path = Base.lproj/Main.storyboard; sourceTree = "<group>"; };
		56189BD51BEB350A0018DF34 /* Assets.xcassets */ = {isa = PBXFileReference; lastKnownFileType = folder.assetcatalog; path = Assets.xcassets; sourceTree = "<group>"; };
		56189BD81BEB350A0018DF34 /* Base */ = {isa = PBXFileReference; lastKnownFileType = file.storyboard; name = Base; path = Base.lproj/LaunchScreen.storyboard; sourceTree = "<group>"; };
		56189BDA1BEB350A0018DF34 /* Info.plist */ = {isa = PBXFileReference; lastKnownFileType = text.plist.xml; path = Info.plist; sourceTree = "<group>"; };
		56189BDF1BEB350A0018DF34 /* week 3 mailboxTests.xctest */ = {isa = PBXFileReference; explicitFileType = wrapper.cfbundle; includeInIndex = 0; path = "week 3 mailboxTests.xctest"; sourceTree = BUILT_PRODUCTS_DIR; };
		56189BE31BEB350A0018DF34 /* week_3_mailboxTests.swift */ = {isa = PBXFileReference; lastKnownFileType = sourcecode.swift; path = week_3_mailboxTests.swift; sourceTree = "<group>"; };
		56189BE51BEB350A0018DF34 /* Info.plist */ = {isa = PBXFileReference; lastKnownFileType = text.plist.xml; path = Info.plist; sourceTree = "<group>"; };
		56189BEA1BEB350A0018DF34 /* week 3 mailboxUITests.xctest */ = {isa = PBXFileReference; explicitFileType = wrapper.cfbundle; includeInIndex = 0; path = "week 3 mailboxUITests.xctest"; sourceTree = BUILT_PRODUCTS_DIR; };
		56189BEE1BEB350A0018DF34 /* week_3_mailboxUITests.swift */ = {isa = PBXFileReference; lastKnownFileType = sourcecode.swift; path = week_3_mailboxUITests.swift; sourceTree = "<group>"; };
		56189BF01BEB350A0018DF34 /* Info.plist */ = {isa = PBXFileReference; lastKnownFileType = text.plist.xml; path = Info.plist; sourceTree = "<group>"; };
		56189BFC1BEB37690018DF34 /* MailboxViewController.swift */ = {isa = PBXFileReference; fileEncoding = 4; lastKnownFileType = sourcecode.swift; path = MailboxViewController.swift; sourceTree = "<group>"; };
		56BADB801BF0719400D29FB5 /* Common.swift */ = {isa = PBXFileReference; fileEncoding = 4; lastKnownFileType = sourcecode.swift; path = Common.swift; sourceTree = "<group>"; };
/* End PBXFileReference section */

/* Begin PBXFrameworksBuildPhase section */
		56189BC81BEB350A0018DF34 /* Frameworks */ = {
			isa = PBXFrameworksBuildPhase;
			buildActionMask = 2147483647;
			files = (
			);
			runOnlyForDeploymentPostprocessing = 0;
		};
		56189BDC1BEB350A0018DF34 /* Frameworks */ = {
			isa = PBXFrameworksBuildPhase;
			buildActionMask = 2147483647;
			files = (
			);
			runOnlyForDeploymentPostprocessing = 0;
		};
		56189BE71BEB350A0018DF34 /* Frameworks */ = {
			isa = PBXFrameworksBuildPhase;
			buildActionMask = 2147483647;
			files = (
			);
			runOnlyForDeploymentPostprocessing = 0;
		};
/* End PBXFrameworksBuildPhase section */

/* Begin PBXGroup section */
		56189BC21BEB350A0018DF34 = {
			isa = PBXGroup;
			children = (
				56189BCD1BEB350A0018DF34 /* week 3 mailbox */,
				56189BE21BEB350A0018DF34 /* week 3 mailboxTests */,
				56189BED1BEB350A0018DF34 /* week 3 mailboxUITests */,
				56189BCC1BEB350A0018DF34 /* Products */,
			);
			sourceTree = "<group>";
		};
		56189BCC1BEB350A0018DF34 /* Products */ = {
			isa = PBXGroup;
			children = (
				56189BCB1BEB350A0018DF34 /* week 3 mailbox.app */,
				56189BDF1BEB350A0018DF34 /* week 3 mailboxTests.xctest */,
				56189BEA1BEB350A0018DF34 /* week 3 mailboxUITests.xctest */,
			);
			name = Products;
			sourceTree = "<group>";
		};
		56189BCD1BEB350A0018DF34 /* week 3 mailbox */ = {
			isa = PBXGroup;
			children = (
				56BADB801BF0719400D29FB5 /* Common.swift */,
				56189BCE1BEB350A0018DF34 /* AppDelegate.swift */,
				56189BD01BEB350A0018DF34 /* ViewController.swift */,
				56189BD21BEB350A0018DF34 /* Main.storyboard */,
				56189BD51BEB350A0018DF34 /* Assets.xcassets */,
				56189BD71BEB350A0018DF34 /* LaunchScreen.storyboard */,
				56189BFE1BEB376F0018DF34 /* View Controllers */,
				56189BDA1BEB350A0018DF34 /* Info.plist */,
			);
			path = "week 3 mailbox";
			sourceTree = "<group>";
		};
		56189BE21BEB350A0018DF34 /* week 3 mailboxTests */ = {
			isa = PBXGroup;
			children = (
				56189BE31BEB350A0018DF34 /* week_3_mailboxTests.swift */,
				56189BE51BEB350A0018DF34 /* Info.plist */,
			);
			path = "week 3 mailboxTests";
			sourceTree = "<group>";
		};
		56189BED1BEB350A0018DF34 /* week 3 mailboxUITests */ = {
			isa = PBXGroup;
			children = (
				56189BEE1BEB350A0018DF34 /* week_3_mailboxUITests.swift */,
				56189BF01BEB350A0018DF34 /* Info.plist */,
			);
			path = "week 3 mailboxUITests";
			sourceTree = "<group>";
		};
		56189BFE1BEB376F0018DF34 /* View Controllers */ = {
			isa = PBXGroup;
			children = (
				56189BFC1BEB37690018DF34 /* MailboxViewController.swift */,
			);
			name = "View Controllers";
			sourceTree = "<group>";
		};
/* End PBXGroup section */

/* Begin PBXNativeTarget section */
		56189BCA1BEB350A0018DF34 /* week 3 mailbox */ = {
			isa = PBXNativeTarget;
			buildConfigurationList = 56189BF31BEB350A0018DF34 /* Build configuration list for PBXNativeTarget "week 3 mailbox" */;
			buildPhases = (
				56189BC71BEB350A0018DF34 /* Sources */,
				56189BC81BEB350A0018DF34 /* Frameworks */,
				56189BC91BEB350A0018DF34 /* Resources */,
			);
			buildRules = (
			);
			dependencies = (
			);
			name = "week 3 mailbox";
			productName = "week 3 mailbox";
			productReference = 56189BCB1BEB350A0018DF34 /* week 3 mailbox.app */;
			productType = "com.apple.product-type.application";
		};
		56189BDE1BEB350A0018DF34 /* week 3 mailboxTests */ = {
			isa = PBXNativeTarget;
			buildConfigurationList = 56189BF61BEB350A0018DF34 /* Build configuration list for PBXNativeTarget "week 3 mailboxTests" */;
			buildPhases = (
				56189BDB1BEB350A0018DF34 /* Sources */,
				56189BDC1BEB350A0018DF34 /* Frameworks */,
				56189BDD1BEB350A0018DF34 /* Resources */,
			);
			buildRules = (
			);
			dependencies = (
				56189BE11BEB350A0018DF34 /* PBXTargetDependency */,
			);
			name = "week 3 mailboxTests";
			productName = "week 3 mailboxTests";
			productReference = 56189BDF1BEB350A0018DF34 /* week 3 mailboxTests.xctest */;
			productType = "com.apple.product-type.bundle.unit-test";
		};
		56189BE91BEB350A0018DF34 /* week 3 mailboxUITests */ = {
			isa = PBXNativeTarget;
			buildConfigurationList = 56189BF91BEB350A0018DF34 /* Build configuration list for PBXNativeTarget "week 3 mailboxUITests" */;
			buildPhases = (
				56189BE61BEB350A0018DF34 /* Sources */,
				56189BE71BEB350A0018DF34 /* Frameworks */,
				56189BE81BEB350A0018DF34 /* Resources */,
			);
			buildRules = (
			);
			dependencies = (
				56189BEC1BEB350A0018DF34 /* PBXTargetDependency */,
			);
			name = "week 3 mailboxUITests";
			productName = "week 3 mailboxUITests";
			productReference = 56189BEA1BEB350A0018DF34 /* week 3 mailboxUITests.xctest */;
			productType = "com.apple.product-type.bundle.ui-testing";
		};
/* End PBXNativeTarget section */

/* Begin PBXProject section */
		56189BC31BEB350A0018DF34 /* Project object */ = {
			isa = PBXProject;
			attributes = {
				LastSwiftUpdateCheck = 0710;
				LastUpgradeCheck = 0710;
				ORGANIZATIONNAME = "Peiyu Liu";
				TargetAttributes = {
					56189BCA1BEB350A0018DF34 = {
						CreatedOnToolsVersion = 7.1;
					};
					56189BDE1BEB350A0018DF34 = {
						CreatedOnToolsVersion = 7.1;
						TestTargetID = 56189BCA1BEB350A0018DF34;
					};
					56189BE91BEB350A0018DF34 = {
						CreatedOnToolsVersion = 7.1;
						TestTargetID = 56189BCA1BEB350A0018DF34;
					};
				};
			};
			buildConfigurationList = 56189BC61BEB350A0018DF34 /* Build configuration list for PBXProject "week 3 mailbox" */;
			compatibilityVersion = "Xcode 3.2";
			developmentRegion = English;
			hasScannedForEncodings = 0;
			knownRegions = (
				en,
				Base,
			);
			mainGroup = 56189BC21BEB350A0018DF34;
			productRefGroup = 56189BCC1BEB350A0018DF34 /* Products */;
			projectDirPath = "";
			projectRoot = "";
			targets = (
				56189BCA1BEB350A0018DF34 /* week 3 mailbox */,
				56189BDE1BEB350A0018DF34 /* week 3 mailboxTests */,
				56189BE91BEB350A0018DF34 /* week 3 mailboxUITests */,
			);
		};
/* End PBXProject section */

/* Begin PBXResourcesBuildPhase section */
		56189BC91BEB350A0018DF34 /* Resources */ = {
			isa = PBXResourcesBuildPhase;
			buildActionMask = 2147483647;
			files = (
				56189BD91BEB350A0018DF34 /* LaunchScreen.storyboard in Resources */,
				56189BD61BEB350A0018DF34 /* Assets.xcassets in Resources */,
				56189BD41BEB350A0018DF34 /* Main.storyboard in Resources */,
			);
			runOnlyForDeploymentPostprocessing = 0;
		};
		56189BDD1BEB350A0018DF34 /* Resources */ = {
			isa = PBXResourcesBuildPhase;
			buildActionMask = 2147483647;
			files = (
			);
			runOnlyForDeploymentPostprocessing = 0;
		};
		56189BE81BEB350A0018DF34 /* Resources */ = {
			isa = PBXResourcesBuildPhase;
			buildActionMask = 2147483647;
			files = (
			);
			runOnlyForDeploymentPostprocessing = 0;
		};
/* End PBXResourcesBuildPhase section */

/* Begin PBXSourcesBuildPhase section */
		56189BC71BEB350A0018DF34 /* Sources */ = {
			isa = PBXSourcesBuildPhase;
			buildActionMask = 2147483647;
			files = (
				56BADB811BF0719400D29FB5 /* Common.swift in Sources */,
				56189BD11BEB350A0018DF34 /* ViewController.swift in Sources */,
				56189BCF1BEB350A0018DF34 /* AppDelegate.swift in Sources */,
				56189BFD1BEB37690018DF34 /* MailboxViewController.swift in Sources */,
			);
			runOnlyForDeploymentPostprocessing = 0;
		};
		56189BDB1BEB350A0018DF34 /* Sources */ = {
			isa = PBXSourcesBuildPhase;
			buildActionMask = 2147483647;
			files = (
				56189BE41BEB350A0018DF34 /* week_3_mailboxTests.swift in Sources */,
			);
			runOnlyForDeploymentPostprocessing = 0;
		};
		56189BE61BEB350A0018DF34 /* Sources */ = {
			isa = PBXSourcesBuildPhase;
			buildActionMask = 2147483647;
			files = (
				56189BEF1BEB350A0018DF34 /* week_3_mailboxUITests.swift in Sources */,
			);
			runOnlyForDeploymentPostprocessing = 0;
		};
/* End PBXSourcesBuildPhase section */

/* Begin PBXTargetDependency section */
		56189BE11BEB350A0018DF34 /* PBXTargetDependency */ = {
			isa = PBXTargetDependency;
			target = 56189BCA1BEB350A0018DF34 /* week 3 mailbox */;
			targetProxy = 56189BE01BEB350A0018DF34 /* PBXContainerItemProxy */;
		};
		56189BEC1BEB350A0018DF34 /* PBXTargetDependency */ = {
			isa = PBXTargetDependency;
			target = 56189BCA1BEB350A0018DF34 /* week 3 mailbox */;
			targetProxy = 56189BEB1BEB350A0018DF34 /* PBXContainerItemProxy */;
		};
/* End PBXTargetDependency section */

/* Begin PBXVariantGroup section */
		56189BD21BEB350A0018DF34 /* Main.storyboard */ = {
			isa = PBXVariantGroup;
			children = (
				56189BD31BEB350A0018DF34 /* Base */,
			);
			name = Main.storyboard;
			sourceTree = "<group>";
		};
		56189BD71BEB350A0018DF34 /* LaunchScreen.storyboard */ = {
			isa = PBXVariantGroup;
			children = (
				56189BD81BEB350A0018DF34 /* Base */,
			);
			name = LaunchScreen.storyboard;
			sourceTree = "<group>";
		};
/* End PBXVariantGroup section */

/* Begin XCBuildConfiguration section */
		56189BF11BEB350A0018DF34 /* Debug */ = {
			isa = XCBuildConfiguration;
			buildSettings = {
				ALWAYS_SEARCH_USER_PATHS = NO;
				CLANG_CXX_LANGUAGE_STANDARD = "gnu++0x";
				CLANG_CXX_LIBRARY = "libc++";
				CLANG_ENABLE_MODULES = YES;
				CLANG_ENABLE_OBJC_ARC = YES;
				CLANG_WARN_BOOL_CONVERSION = YES;
				CLANG_WARN_CONSTANT_CONVERSION = YES;
				CLANG_WARN_DIRECT_OBJC_ISA_USAGE = YES_ERROR;
				CLANG_WARN_EMPTY_BODY = YES;
				CLANG_WARN_ENUM_CONVERSION = YES;
				CLANG_WARN_INT_CONVERSION = YES;
				CLANG_WARN_OBJC_ROOT_CLASS = YES_ERROR;
				CLANG_WARN_UNREACHABLE_CODE = YES;
				CLANG_WARN__DUPLICATE_METHOD_MATCH = YES;
				"CODE_SIGN_IDENTITY[sdk=iphoneos*]" = "iPhone Developer";
				COPY_PHASE_STRIP = NO;
				DEBUG_INFORMATION_FORMAT = dwarf;
				ENABLE_STRICT_OBJC_MSGSEND = YES;
				ENABLE_TESTABILITY = YES;
				GCC_C_LANGUAGE_STANDARD = gnu99;
				GCC_DYNAMIC_NO_PIC = NO;
				GCC_NO_COMMON_BLOCKS = YES;
				GCC_OPTIMIZATION_LEVEL = 0;
				GCC_PREPROCESSOR_DEFINITIONS = (
					"DEBUG=1",
					"$(inherited)",
				);
				GCC_WARN_64_TO_32_BIT_CONVERSION = YES;
				GCC_WARN_ABOUT_RETURN_TYPE = YES_ERROR;
				GCC_WARN_UNDECLARED_SELECTOR = YES;
				GCC_WARN_UNINITIALIZED_AUTOS = YES_AGGRESSIVE;
				GCC_WARN_UNUSED_FUNCTION = YES;
				GCC_WARN_UNUSED_VARIABLE = YES;
				IPHONEOS_DEPLOYMENT_TARGET = 9.1;
				MTL_ENABLE_DEBUG_INFO = YES;
				ONLY_ACTIVE_ARCH = YES;
				SDKROOT = iphoneos;
				SWIFT_OPTIMIZATION_LEVEL = "-Onone";
			};
			name = Debug;
		};
		56189BF21BEB350A0018DF34 /* Release */ = {
			isa = XCBuildConfiguration;
			buildSettings = {
				ALWAYS_SEARCH_USER_PATHS = NO;
				CLANG_CXX_LANGUAGE_STANDARD = "gnu++0x";
				CLANG_CXX_LIBRARY = "libc++";
				CLANG_ENABLE_MODULES = YES;
				CLANG_ENABLE_OBJC_ARC = YES;
				CLANG_WARN_BOOL_CONVERSION = YES;
				CLANG_WARN_CONSTANT_CONVERSION = YES;
				CLANG_WARN_DIRECT_OBJC_ISA_USAGE = YES_ERROR;
				CLANG_WARN_EMPTY_BODY = YES;
				CLANG_WARN_ENUM_CONVERSION = YES;
				CLANG_WARN_INT_CONVERSION = YES;
				CLANG_WARN_OBJC_ROOT_CLASS = YES_ERROR;
				CLANG_WARN_UNREACHABLE_CODE = YES;
				CLANG_WARN__DUPLICATE_METHOD_MATCH = YES;
				"CODE_SIGN_IDENTITY[sdk=iphoneos*]" = "iPhone Developer";
				COPY_PHASE_STRIP = NO;
				DEBUG_INFORMATION_FORMAT = "dwarf-with-dsym";
				ENABLE_NS_ASSERTIONS = NO;
				ENABLE_STRICT_OBJC_MSGSEND = YES;
				GCC_C_LANGUAGE_STANDARD = gnu99;
				GCC_NO_COMMON_BLOCKS = YES;
				GCC_WARN_64_TO_32_BIT_CONVERSION = YES;
				GCC_WARN_ABOUT_RETURN_TYPE = YES_ERROR;
				GCC_WARN_UNDECLARED_SELECTOR = YES;
				GCC_WARN_UNINITIALIZED_AUTOS = YES_AGGRESSIVE;
				GCC_WARN_UNUSED_FUNCTION = YES;
				GCC_WARN_UNUSED_VARIABLE = YES;
				IPHONEOS_DEPLOYMENT_TARGET = 9.1;
				MTL_ENABLE_DEBUG_INFO = NO;
				SDKROOT = iphoneos;
				VALIDATE_PRODUCT = YES;
			};
			name = Release;
		};
		56189BF41BEB350A0018DF34 /* Debug */ = {
			isa = XCBuildConfiguration;
			buildSettings = {
				ASSETCATALOG_COMPILER_APPICON_NAME = AppIcon;
				INFOPLIST_FILE = "week 3 mailbox/Info.plist";
				LD_RUNPATH_SEARCH_PATHS = "$(inherited) @executable_path/Frameworks";
				PRODUCT_BUNDLE_IDENTIFIER = "net.peiyu.week-3-mailbox";
				PRODUCT_NAME = "$(TARGET_NAME)";
			};
			name = Debug;
		};
		56189BF51BEB350A0018DF34 /* Release */ = {
			isa = XCBuildConfiguration;
			buildSettings = {
				ASSETCATALOG_COMPILER_APPICON_NAME = AppIcon;
				INFOPLIST_FILE = "week 3 mailbox/Info.plist";
				LD_RUNPATH_SEARCH_PATHS = "$(inherited) @executable_path/Frameworks";
				PRODUCT_BUNDLE_IDENTIFIER = "net.peiyu.week-3-mailbox";
				PRODUCT_NAME = "$(TARGET_NAME)";
			};
			name = Release;
		};
		56189BF71BEB350A0018DF34 /* Debug */ = {
			isa = XCBuildConfiguration;
			buildSettings = {
				BUNDLE_LOADER = "$(TEST_HOST)";
				INFOPLIST_FILE = "week 3 mailboxTests/Info.plist";
				LD_RUNPATH_SEARCH_PATHS = "$(inherited) @executable_path/Frameworks @loader_path/Frameworks";
				PRODUCT_BUNDLE_IDENTIFIER = "net.peiyu.week-3-mailboxTests";
				PRODUCT_NAME = "$(TARGET_NAME)";
				TEST_HOST = "$(BUILT_PRODUCTS_DIR)/week 3 mailbox.app/week 3 mailbox";
			};
			name = Debug;
		};
		56189BF81BEB350A0018DF34 /* Release */ = {
			isa = XCBuildConfiguration;
			buildSettings = {
				BUNDLE_LOADER = "$(TEST_HOST)";
				INFOPLIST_FILE = "week 3 mailboxTests/Info.plist";
				LD_RUNPATH_SEARCH_PATHS = "$(inherited) @executable_path/Frameworks @loader_path/Frameworks";
				PRODUCT_BUNDLE_IDENTIFIER = "net.peiyu.week-3-mailboxTests";
				PRODUCT_NAME = "$(TARGET_NAME)";
				TEST_HOST = "$(BUILT_PRODUCTS_DIR)/week 3 mailbox.app/week 3 mailbox";
			};
			name = Release;
		};
		56189BFA1BEB350A0018DF34 /* Debug */ = {
			isa = XCBuildConfiguration;
			buildSettings = {
				INFOPLIST_FILE = "week 3 mailboxUITests/Info.plist";
				LD_RUNPATH_SEARCH_PATHS = "$(inherited) @executable_path/Frameworks @loader_path/Frameworks";
				PRODUCT_BUNDLE_IDENTIFIER = "net.peiyu.week-3-mailboxUITests";
				PRODUCT_NAME = "$(TARGET_NAME)";
				TEST_TARGET_NAME = "week 3 mailbox";
				USES_XCTRUNNER = YES;
			};
			name = Debug;
		};
		56189BFB1BEB350A0018DF34 /* Release */ = {
			isa = XCBuildConfiguration;
			buildSettings = {
				INFOPLIST_FILE = "week 3 mailboxUITests/Info.plist";
				LD_RUNPATH_SEARCH_PATHS = "$(inherited) @executable_path/Frameworks @loader_path/Frameworks";
				PRODUCT_BUNDLE_IDENTIFIER = "net.peiyu.week-3-mailboxUITests";
				PRODUCT_NAME = "$(TARGET_NAME)";
				TEST_TARGET_NAME = "week 3 mailbox";
				USES_XCTRUNNER = YES;
			};
			name = Release;
		};
/* End XCBuildConfiguration section */

/* Begin XCConfigurationList section */
		56189BC61BEB350A0018DF34 /* Build configuration list for PBXProject "week 3 mailbox" */ = {
			isa = XCConfigurationList;
			buildConfigurations = (
				56189BF11BEB350A0018DF34 /* Debug */,
				56189BF21BEB350A0018DF34 /* Release */,
			);
			defaultConfigurationIsVisible = 0;
			defaultConfigurationName = Release;
		};
		56189BF31BEB350A0018DF34 /* Build configuration list for PBXNativeTarget "week 3 mailbox" */ = {
			isa = XCConfigurationList;
			buildConfigurations = (
				56189BF41BEB350A0018DF34 /* Debug */,
				56189BF51BEB350A0018DF34 /* Release */,
			);
			defaultConfigurationIsVisible = 0;
			defaultConfigurationName = Release;
		};
		56189BF61BEB350A0018DF34 /* Build configuration list for PBXNativeTarget "week 3 mailboxTests" */ = {
			isa = XCConfigurationList;
			buildConfigurations = (
				56189BF71BEB350A0018DF34 /* Debug */,
				56189BF81BEB350A0018DF34 /* Release */,
			);
			defaultConfigurationIsVisible = 0;
			defaultConfigurationName = Release;
		};
		56189BF91BEB350A0018DF34 /* Build configuration list for PBXNativeTarget "week 3 mailboxUITests" */ = {
			isa = XCConfigurationList;
			buildConfigurations = (
				56189BFA1BEB350A0018DF34 /* Debug */,
				56189BFB1BEB350A0018DF34 /* Release */,
			);
			defaultConfigurationIsVisible = 0;
			defaultConfigurationName = Release;
		};
/* End XCConfigurationList section */
	};
	rootObject = 56189BC31BEB350A0018DF34 /* Project object */;
}
